
Microsoft Visual Studio Solution File, Format Version 12.00
# Visual Studio Version 16
VisualStudioVersion = 16.0.31911.196
MinimumVisualStudioVersion = 10.0.40219.1
Project("{FAE04EC0-301F-11D3-BF4B-00C04F79EFBC}") = "PaymentAPI2", "PaymentAPI2\PaymentAPI2.csproj", "{6B83C9B3-D0F7-4BAD-8FFC-454DFD8C24FE}"
EndProject
Global
	GlobalSection(SolutionConfigurationPlatforms) = preSolution
		Debug|Any CPU = Debug|Any CPU
		Release|Any CPU = Release|Any CPU
	EndGlobalSection
	GlobalSection(ProjectConfigurationPlatforms) = postSolution
		{6B83C9B3-D0F7-4BAD-8FFC-454DFD8C24FE}.Debug|Any CPU.ActiveCfg = Debug|Any CPU
		{6B83C9B3-D0F7-4BAD-8FFC-454DFD8C24FE}.Debug|Any CPU.Build.0 = Debug|Any CPU
		{6B83C9B3-D0F7-4BAD-8FFC-454DFD8C24FE}.Release|Any CPU.ActiveCfg = Release|Any CPU
		{6B83C9B3-D0F7-4BAD-8FFC-454DFD8C24FE}.Release|Any CPU.Build.0 = Release|Any CPU
	EndGlobalSection
	GlobalSection(SolutionProperties) = preSolution
		HideSolutionNode = FALSE
	EndGlobalSection
	GlobalSection(ExtensibilityGlobals) = postSolution
		SolutionGuid = {CCCA71F1-8B36-4FB6-B646-1442A9EA9B4C}
	EndGlobalSection
EndGlobal
