
Microsoft Visual Studio Solution File, Format Version 12.00
# Visual Studio Version 17
VisualStudioVersion = 17.0.31912.275
MinimumVisualStudioVersion = 10.0.40219.1
Project("{FAE04EC0-301F-11D3-BF4B-00C04F79EFBC}") = "FormLogin", "FormLogin\FormLogin.csproj", "{EBB0A16E-23DB-4BC9-93DE-C5E0E79568C7}"
EndProject
Project("{2150E333-8FDC-42A3-9474-1A3956D46DE8}") = "Solution Items", "Solution Items", "{677D288E-CC25-4D24-A7B6-9460E19D9BB8}"
EndProject
Global
	GlobalSection(SolutionConfigurationPlatforms) = preSolution
		Debug|Any CPU = Debug|Any CPU
		Release|Any CPU = Release|Any CPU
	EndGlobalSection
	GlobalSection(ProjectConfigurationPlatforms) = postSolution
		{EBB0A16E-23DB-4BC9-93DE-C5E0E79568C7}.Debug|Any CPU.ActiveCfg = Debug|Any CPU
		{EBB0A16E-23DB-4BC9-93DE-C5E0E79568C7}.Debug|Any CPU.Build.0 = Debug|Any CPU
		{EBB0A16E-23DB-4BC9-93DE-C5E0E79568C7}.Release|Any CPU.ActiveCfg = Release|Any CPU
		{EBB0A16E-23DB-4BC9-93DE-C5E0E79568C7}.Release|Any CPU.Build.0 = Release|Any CPU
	EndGlobalSection
	GlobalSection(SolutionProperties) = preSolution
		HideSolutionNode = FALSE
	EndGlobalSection
	GlobalSection(ExtensibilityGlobals) = postSolution
		SolutionGuid = {F79EF900-02BF-4323-9748-14F250E483A1}
	EndGlobalSection
EndGlobal
