
Microsoft Visual Studio Solution File, Format Version 12.00
# Visual Studio Version 16
VisualStudioVersion = 16.0.31911.196
MinimumVisualStudioVersion = 10.0.40219.1
Project("{9A19103F-16F7-4668-BE54-9A1E7A4F7556}") = "PaymentAPI3", "PaymentAPI3.csproj", "{B2EFF9CE-5B07-421F-AEA1-B4D8A954BDDF}"
EndProject
Global
	GlobalSection(SolutionConfigurationPlatforms) = preSolution
		Debug|Any CPU = Debug|Any CPU
		Release|Any CPU = Release|Any CPU
	EndGlobalSection
	GlobalSection(ProjectConfigurationPlatforms) = postSolution
		{B2EFF9CE-5B07-421F-AEA1-B4D8A954BDDF}.Debug|Any CPU.ActiveCfg = Debug|Any CPU
		{B2EFF9CE-5B07-421F-AEA1-B4D8A954BDDF}.Debug|Any CPU.Build.0 = Debug|Any CPU
		{B2EFF9CE-5B07-421F-AEA1-B4D8A954BDDF}.Release|Any CPU.ActiveCfg = Release|Any CPU
		{B2EFF9CE-5B07-421F-AEA1-B4D8A954BDDF}.Release|Any CPU.Build.0 = Release|Any CPU
	EndGlobalSection
	GlobalSection(SolutionProperties) = preSolution
		HideSolutionNode = FALSE
	EndGlobalSection
	GlobalSection(ExtensibilityGlobals) = postSolution
		SolutionGuid = {924D8ECF-16C5-408D-A929-1459570D088B}
	EndGlobalSection
EndGlobal
