
Microsoft Visual Studio Solution File, Format Version 12.00
# Visual Studio Version 16
VisualStudioVersion = 16.0.31911.196
MinimumVisualStudioVersion = 10.0.40219.1
Project("{FAE04EC0-301F-11D3-BF4B-00C04F79EFBC}") = "PaymentWithJWT2", "PaymentWithJWT2\PaymentWithJWT2.csproj", "{6E0B9BBA-7968-45E1-AC9C-C118270CF540}"
EndProject
Global
	GlobalSection(SolutionConfigurationPlatforms) = preSolution
		Debug|Any CPU = Debug|Any CPU
		Release|Any CPU = Release|Any CPU
	EndGlobalSection
	GlobalSection(ProjectConfigurationPlatforms) = postSolution
		{6E0B9BBA-7968-45E1-AC9C-C118270CF540}.Debug|Any CPU.ActiveCfg = Debug|Any CPU
		{6E0B9BBA-7968-45E1-AC9C-C118270CF540}.Debug|Any CPU.Build.0 = Debug|Any CPU
		{6E0B9BBA-7968-45E1-AC9C-C118270CF540}.Release|Any CPU.ActiveCfg = Release|Any CPU
		{6E0B9BBA-7968-45E1-AC9C-C118270CF540}.Release|Any CPU.Build.0 = Release|Any CPU
	EndGlobalSection
	GlobalSection(SolutionProperties) = preSolution
		HideSolutionNode = FALSE
	EndGlobalSection
	GlobalSection(ExtensibilityGlobals) = postSolution
		SolutionGuid = {8E16AA2C-A900-4F30-A2CA-CCE81149C053}
	EndGlobalSection
EndGlobal
